PODS:
  - Crashlytics (3.7.0):
    - Fabric (~> 1.6.3)
  - EAIntroView (2.8.3):
    - EARestrictedScrollView (~> 1.1.0)
  - EARestrictedScrollView (1.1.0)
  - Fabric (1.6.7)
  - JSQMessagesViewController (7.2.0):
    - JSQSystemSoundPlayer (~> 2.0.1)
  - JSQSystemSoundPlayer (2.0.1)
  - JTSImageViewController (1.5.1)
  - SCLAlertView-Objective-C (1.0.2)
  - SVProgressHUD (2.0.3)
  - UITableView-NXEmptyView (0.1.7)

DEPENDENCIES:
  - Crashlytics
  - EAIntroView (~> 2.8.0)
  - Fabric
  - JSQMessagesViewController
  - JTSImageViewController
  - SCLAlertView-Objective-C
  - SVProgressHUD
  - UITableView-NXEmptyView

SPEC CHECKSUMS:
  Crashlytics: c3a2333dea9e2733d2777f730910321fc9e25c0d
  EAIntroView: e948c83e642f30010d427e643c18a6f2b529afed
  EARestrictedScrollView: b0c2a3f92fb2610bb44d71c5e4893777c89e45ef
  Fabric: caf7580c725e64db144f610ac65cd60956911dc7
  JSQMessagesViewController: 73cab48aa92fc2d512f3b6724f3425cc47a19eb5
  JSQSystemSoundPlayer: c5850e77a4363ffd374cd851154b9af93264ed8d
  JTSImageViewController: 1f8ce1cc93dab0d0af8e53badeea7528560cfec9
  SCLAlertView-Objective-C: 25f7ea3a3526dde177d8b8056a0b88fe4187651e
  SVProgressHUD: b0830714205bea1317ea1a2ebc71e5633af334d4
  UITableView-NXEmptyView: 0bc404cfd9c201af518a63240ac4ac4dad2c69c2

COCOAPODS: 0.39.0
